
Microsoft Visual Studio Solution File, Format Version 12.00
# Visual Studio Version 17
VisualStudioVersion = 17.5.33516.290
MinimumVisualStudioVersion = 10.0.40219.1
Project("{FAE04EC0-301F-11D3-BF4B-00C04F79EFBC}") = "Landscape", "Landscape.csproj", "{3DD3AE9F-5904-4624-96B8-B454494CAFFA}"
EndProject
Global
	GlobalSection(SolutionConfigurationPlatforms) = preSolution
		Debug|Any CPU = Debug|Any CPU
		Release|Any CPU = Release|Any CPU
	EndGlobalSection
	GlobalSection(ProjectConfigurationPlatforms) = postSolution
		{3DD3AE9F-5904-4624-96B8-B454494CAFFA}.Debug|Any CPU.ActiveCfg = Debug|Any CPU
		{3DD3AE9F-5904-4624-96B8-B454494CAFFA}.Debug|Any CPU.Build.0 = Debug|Any CPU
		{3DD3AE9F-5904-4624-96B8-B454494CAFFA}.Release|Any CPU.ActiveCfg = Release|Any CPU
		{3DD3AE9F-5904-4624-96B8-B454494CAFFA}.Release|Any CPU.Build.0 = Release|Any CPU
	EndGlobalSection
	GlobalSection(SolutionProperties) = preSolution
		HideSolutionNode = FALSE
	EndGlobalSection
	GlobalSection(ExtensibilityGlobals) = postSolution
		SolutionGuid = {9CC92F3A-B601-44CD-A707-EB27E4278ABA}
	EndGlobalSection
EndGlobal
